// !$*UTF8*$!
{
	archiveVersion = 1;
	classes = {
	};
	objectVersion = 50;
	objects = {

/* Begin PBXBuildFile section */
		97FB98D9219B4B2D005DE704 /* AppDelegate.swift in Sources */ = {isa = PBXBuildFile; fileRef = 97FB98D8219B4B2D005DE704 /* AppDelegate.swift */; };
		97FB98DB219B4B2D005DE704 /* FirstViewController.swift in Sources */ = {isa = PBXBuildFile; fileRef = 97FB98DA219B4B2D005DE704 /* FirstViewController.swift */; };
		97FB98DD219B4B2D005DE704 /* SecondViewController.swift in Sources */ = {isa = PBXBuildFile; fileRef = 97FB98DC219B4B2D005DE704 /* SecondViewController.swift */; };
		97FB98E0219B4B2D005DE704 /* Main.storyboard in Resources */ = {isa = PBXBuildFile; fileRef = 97FB98DE219B4B2D005DE704 /* Main.storyboard */; };
		97FB98E2219B4B2E005DE704 /* Assets.xcassets in Resources */ = {isa = PBXBuildFile; fileRef = 97FB98E1219B4B2E005DE704 /* Assets.xcassets */; };
		97FB98E5219B4B2E005DE704 /* LaunchScreen.storyboard in Resources */ = {isa = PBXBuildFile; fileRef = 97FB98E3219B4B2E005DE704 /* LaunchScreen.storyboard */; };
		97FB98F0219B4B2E005DE704 /* MyToDoLstnewTests.swift in Sources */ = {isa = PBXBuildFile; fileRef = 97FB98EF219B4B2E005DE704 /* MyToDoLstnewTests.swift */; };
		97FB98FB219B4B2E005DE704 /* MyToDoLstnewUITests.swift in Sources */ = {isa = PBXBuildFile; fileRef = 97FB98FA219B4B2E005DE704 /* MyToDoLstnewUITests.swift */; };
/* End PBXBuildFile section */

/* Begin PBXContainerItemProxy section */
		97FB98EC219B4B2E005DE704 /* PBXContainerItemProxy */ = {
			isa = PBXContainerItemProxy;
			containerPortal = 97FB98CD219B4B2D005DE704 /* Project object */;
			proxyType = 1;
			remoteGlobalIDString = 97FB98D4219B4B2D005DE704;
			remoteInfo = MyToDoLstnew;
		};
		97FB98F7219B4B2E005DE704 /* PBXContainerItemProxy */ = {
			isa = PBXContainerItemProxy;
			containerPortal = 97FB98CD219B4B2D005DE704 /* Project object */;
			proxyType = 1;
			remoteGlobalIDString = 97FB98D4219B4B2D005DE704;
			remoteInfo = MyToDoLstnew;
		};
/* End PBXContainerItemProxy section */

/* Begin PBXFileReference section */
		97FB98D5219B4B2D005DE704 /* MyToDoLstnew.app */ = {isa = PBXFileReference; explicitFileType = wrapper.application; includeInIndex = 0; path = MyToDoLstnew.app; sourceTree = BUILT_PRODUCTS_DIR; };
		97FB98D8219B4B2D005DE704 /* AppDelegate.swift */ = {isa = PBXFileReference; lastKnownFileType = sourcecode.swift; path = AppDelegate.swift; sourceTree = "<group>"; };
		97FB98DA219B4B2D005DE704 /* FirstViewController.swift */ = {isa = PBXFileReference; lastKnownFileType = sourcecode.swift; path = FirstViewController.swift; sourceTree = "<group>"; };
		97FB98DC219B4B2D005DE704 /* SecondViewController.swift */ = {isa = PBXFileReference; lastKnownFileType = sourcecode.swift; path = SecondViewController.swift; sourceTree = "<group>"; };
		97FB98DF219B4B2D005DE704 /* Base */ = {isa = PBXFileReference; lastKnownFileType = file.storyboard; name = Base; path = Base.lproj/Main.storyboard; sourceTree = "<group>"; };
		97FB98E1219B4B2E005DE704 /* Assets.xcassets */ = {isa = PBXFileReference; lastKnownFileType = folder.assetcatalog; path = Assets.xcassets; sourceTree = "<group>"; };
		97FB98E4219B4B2E005DE704 /* Base */ = {isa = PBXFileReference; lastKnownFileType = file.storyboard; name = Base; path = Base.lproj/LaunchScreen.storyboard; sourceTree = "<group>"; };
		97FB98E6219B4B2E005DE704 /* Info.plist */ = {isa = PBXFileReference; lastKnownFileType = text.plist.xml; path = Info.plist; sourceTree = "<group>"; };
		97FB98EB219B4B2E005DE704 /* MyToDoLstnewTests.xctest */ = {isa = PBXFileReference; explicitFileType = wrapper.cfbundle; includeInIndex = 0; path = MyToDoLstnewTests.xctest; sourceTree = BUILT_PRODUCTS_DIR; };
		97FB98EF219B4B2E005DE704 /* MyToDoLstnewTests.swift */ = {isa = PBXFileReference; lastKnownFileType = sourcecode.swift; path = MyToDoLstnewTests.swift; sourceTree = "<group>"; };
		97FB98F1219B4B2E005DE704 /* Info.plist */ = {isa = PBXFileReference; lastKnownFileType = text.plist.xml; path = Info.plist; sourceTree = "<group>"; };
		97FB98F6219B4B2E005DE704 /* MyToDoLstnewUITests.xctest */ = {isa = PBXFileReference; explicitFileType = wrapper.cfbundle; includeInIndex = 0; path = MyToDoLstnewUITests.xctest; sourceTree = BUILT_PRODUCTS_DIR; };
		97FB98FA219B4B2E005DE704 /* MyToDoLstnewUITests.swift */ = {isa = PBXFileReference; lastKnownFileType = sourcecode.swift; path = MyToDoLstnewUITests.swift; sourceTree = "<group>"; };
		97FB98FC219B4B2E005DE704 /* Info.plist */ = {isa = PBXFileReference; lastKnownFileType = text.plist.xml; path = Info.plist; sourceTree = "<group>"; };
/* End PBXFileReference section */

/* Begin PBXFrameworksBuildPhase section */
		97FB98D2219B4B2D005DE704 /* Frameworks */ = {
			isa = PBXFrameworksBuildPhase;
			buildActionMask = 2147483647;
			files = (
			);
			runOnlyForDeploymentPostprocessing = 0;
		};
		97FB98E8219B4B2E005DE704 /* Frameworks */ = {
			isa = PBXFrameworksBuildPhase;
			buildActionMask = 2147483647;
			files = (
			);
			runOnlyForDeploymentPostprocessing = 0;
		};
		97FB98F3219B4B2E005DE704 /* Frameworks */ = {
			isa = PBXFrameworksBuildPhase;
			buildActionMask = 2147483647;
			files = (
			);
			runOnlyForDeploymentPostprocessing = 0;
		};
/* End PBXFrameworksBuildPhase section */

/* Begin PBXGroup section */
		97FB98CC219B4B2D005DE704 = {
			isa = PBXGroup;
			children = (
				97FB98D7219B4B2D005DE704 /* MyToDoLstnew */,
				97FB98EE219B4B2E005DE704 /* MyToDoLstnewTests */,
				97FB98F9219B4B2E005DE704 /* MyToDoLstnewUITests */,
				97FB98D6219B4B2D005DE704 /* Products */,
			);
			sourceTree = "<group>";
		};
		97FB98D6219B4B2D005DE704 /* Products */ = {
			isa = PBXGroup;
			children = (
				97FB98D5219B4B2D005DE704 /* MyToDoLstnew.app */,
				97FB98EB219B4B2E005DE704 /* MyToDoLstnewTests.xctest */,
				97FB98F6219B4B2E005DE704 /* MyToDoLstnewUITests.xctest */,
			);
			name = Products;
			sourceTree = "<group>";
		};
		97FB98D7219B4B2D005DE704 /* MyToDoLstnew */ = {
			isa = PBXGroup;
			children = (
				97FB98D8219B4B2D005DE704 /* AppDelegate.swift */,
				97FB98DA219B4B2D005DE704 /* FirstViewController.swift */,
				97FB98DC219B4B2D005DE704 /* SecondViewController.swift */,
				97FB98DE219B4B2D005DE704 /* Main.storyboard */,
				97FB98E1219B4B2E005DE704 /* Assets.xcassets */,
				97FB98E3219B4B2E005DE704 /* LaunchScreen.storyboard */,
				97FB98E6219B4B2E005DE704 /* Info.plist */,
			);
			path = MyToDoLstnew;
			sourceTree = "<group>";
		};
		97FB98EE219B4B2E005DE704 /* MyToDoLstnewTests */ = {
			isa = PBXGroup;
			children = (
				97FB98EF219B4B2E005DE704 /* MyToDoLstnewTests.swift */,
				97FB98F1219B4B2E005DE704 /* Info.plist */,
			);
			path = MyToDoLstnewTests;
			sourceTree = "<group>";
		};
		97FB98F9219B4B2E005DE704 /* MyToDoLstnewUITests */ = {
			isa = PBXGroup;
			children = (
				97FB98FA219B4B2E005DE704 /* MyToDoLstnewUITests.swift */,
				97FB98FC219B4B2E005DE704 /* Info.plist */,
			);
			path = MyToDoLstnewUITests;
			sourceTree = "<group>";
		};
/* End PBXGroup section */

/* Begin PBXNativeTarget section */
		97FB98D4219B4B2D005DE704 /* MyToDoLstnew */ = {
			isa = PBXNativeTarget;
			buildConfigurationList = 97FB98FF219B4B2E005DE704 /* Build configuration list for PBXNativeTarget "MyToDoLstnew" */;
			buildPhases = (
				97FB98D1219B4B2D005DE704 /* Sources */,
				97FB98D2219B4B2D005DE704 /* Frameworks */,
				97FB98D3219B4B2D005DE704 /* Resources */,
			);
			buildRules = (
			);
			dependencies = (
			);
			name = MyToDoLstnew;
			productName = MyToDoLstnew;
			productReference = 97FB98D5219B4B2D005DE704 /* MyToDoLstnew.app */;
			productType = "com.apple.product-type.application";
		};
		97FB98EA219B4B2E005DE704 /* MyToDoLstnewTests */ = {
			isa = PBXNativeTarget;
			buildConfigurationList = 97FB9902219B4B2E005DE704 /* Build configuration list for PBXNativeTarget "MyToDoLstnewTests" */;
			buildPhases = (
				97FB98E7219B4B2E005DE704 /* Sources */,
				97FB98E8219B4B2E005DE704 /* Frameworks */,
				97FB98E9219B4B2E005DE704 /* Resources */,
			);
			buildRules = (
			);
			dependencies = (
				97FB98ED219B4B2E005DE704 /* PBXTargetDependency */,
			);
			name = MyToDoLstnewTests;
			productName = MyToDoLstnewTests;
			productReference = 97FB98EB219B4B2E005DE704 /* MyToDoLstnewTests.xctest */;
			productType = "com.apple.product-type.bundle.unit-test";
		};
		97FB98F5219B4B2E005DE704 /* MyToDoLstnewUITests */ = {
			isa = PBXNativeTarget;
			buildConfigurationList = 97FB9905219B4B2E005DE704 /* Build configuration list for PBXNativeTarget "MyToDoLstnewUITests" */;
			buildPhases = (
				97FB98F2219B4B2E005DE704 /* Sources */,
				97FB98F3219B4B2E005DE704 /* Frameworks */,
				97FB98F4219B4B2E005DE704 /* Resources */,
			);
			buildRules = (
			);
			dependencies = (
				97FB98F8219B4B2E005DE704 /* PBXTargetDependency */,
			);
			name = MyToDoLstnewUITests;
			productName = MyToDoLstnewUITests;
			productReference = 97FB98F6219B4B2E005DE704 /* MyToDoLstnewUITests.xctest */;
			productType = "com.apple.product-type.bundle.ui-testing";
		};
/* End PBXNativeTarget section */

/* Begin PBXProject section */
		97FB98CD219B4B2D005DE704 /* Project object */ = {
			isa = PBXProject;
			attributes = {
				LastSwiftUpdateCheck = 1000;
				LastUpgradeCheck = 1000;
				ORGANIZATIONNAME = minaanwer;
				TargetAttributes = {
					97FB98D4219B4B2D005DE704 = {
						CreatedOnToolsVersion = 10.0;
					};
					97FB98EA219B4B2E005DE704 = {
						CreatedOnToolsVersion = 10.0;
						TestTargetID = 97FB98D4219B4B2D005DE704;
					};
					97FB98F5219B4B2E005DE704 = {
						CreatedOnToolsVersion = 10.0;
						TestTargetID = 97FB98D4219B4B2D005DE704;
					};
				};
			};
			buildConfigurationList = 97FB98D0219B4B2D005DE704 /* Build configuration list for PBXProject "MyToDoLstnew" */;
			compatibilityVersion = "Xcode 9.3";
			developmentRegion = en;
			hasScannedForEncodings = 0;
			knownRegions = (
				en,
				Base,
			);
			mainGroup = 97FB98CC219B4B2D005DE704;
			productRefGroup = 97FB98D6219B4B2D005DE704 /* Products */;
			projectDirPath = "";
			projectRoot = "";
			targets = (
				97FB98D4219B4B2D005DE704 /* MyToDoLstnew */,
				97FB98EA219B4B2E005DE704 /* MyToDoLstnewTests */,
				97FB98F5219B4B2E005DE704 /* MyToDoLstnewUITests */,
			);
		};
/* End PBXProject section */

/* Begin PBXResourcesBuildPhase section */
		97FB98D3219B4B2D005DE704 /* Resources */ = {
			isa = PBXResourcesBuildPhase;
			buildActionMask = 2147483647;
			files = (
				97FB98E5219B4B2E005DE704 /* LaunchScreen.storyboard in Resources */,
				97FB98E2219B4B2E005DE704 /* Assets.xcassets in Resources */,
				97FB98E0219B4B2D005DE704 /* Main.storyboard in Resources */,
			);
			runOnlyForDeploymentPostprocessing = 0;
		};
		97FB98E9219B4B2E005DE704 /* Resources */ = {
			isa = PBXResourcesBuildPhase;
			buildActionMask = 2147483647;
			files = (
			);
			runOnlyForDeploymentPostprocessing = 0;
		};
		97FB98F4219B4B2E005DE704 /* Resources */ = {
			isa = PBXResourcesBuildPhase;
			buildActionMask = 2147483647;
			files = (
			);
			runOnlyForDeploymentPostprocessing = 0;
		};
/* End PBXResourcesBuildPhase section */

/* Begin PBXSourcesBuildPhase section */
		97FB98D1219B4B2D005DE704 /* Sources */ = {
			isa = PBXSourcesBuildPhase;
			buildActionMask = 2147483647;
			files = (
				97FB98DD219B4B2D005DE704 /* SecondViewController.swift in Sources */,
				97FB98D9219B4B2D005DE704 /* AppDelegate.swift in Sources */,
				97FB98DB219B4B2D005DE704 /* FirstViewController.swift in Sources */,
			);
			runOnlyForDeploymentPostprocessing = 0;
		};
		97FB98E7219B4B2E005DE704 /* Sources */ = {
			isa = PBXSourcesBuildPhase;
			buildActionMask = 2147483647;
			files = (
				97FB98F0219B4B2E005DE704 /* MyToDoLstnewTests.swift in Sources */,
			);
			runOnlyForDeploymentPostprocessing = 0;
		};
		97FB98F2219B4B2E005DE704 /* Sources */ = {
			isa = PBXSourcesBuildPhase;
			buildActionMask = 2147483647;
			files = (
				97FB98FB219B4B2E005DE704 /* MyToDoLstnewUITests.swift in Sources */,
			);
			runOnlyForDeploymentPostprocessing = 0;
		};
/* End PBXSourcesBuildPhase section */

/* Begin PBXTargetDependency section */
		97FB98ED219B4B2E005DE704 /* PBXTargetDependency */ = {
			isa = PBXTargetDependency;
			target = 97FB98D4219B4B2D005DE704 /* MyToDoLstnew */;
			targetProxy = 97FB98EC219B4B2E005DE704 /* PBXContainerItemProxy */;
		};
		97FB98F8219B4B2E005DE704 /* PBXTargetDependency */ = {
			isa = PBXTargetDependency;
			target = 97FB98D4219B4B2D005DE704 /* MyToDoLstnew */;
			targetProxy = 97FB98F7219B4B2E005DE704 /* PBXContainerItemProxy */;
		};
/* End PBXTargetDependency section */

/* Begin PBXVariantGroup section */
		97FB98DE219B4B2D005DE704 /* Main.storyboard */ = {
			isa = PBXVariantGroup;
			children = (
				97FB98DF219B4B2D005DE704 /* Base */,
			);
			name = Main.storyboard;
			sourceTree = "<group>";
		};
		97FB98E3219B4B2E005DE704 /* LaunchScreen.storyboard */ = {
			isa = PBXVariantGroup;
			children = (
				97FB98E4219B4B2E005DE704 /* Base */,
			);
			name = LaunchScreen.storyboard;
			sourceTree = "<group>";
		};
/* End PBXVariantGroup section */

/* Begin XCBuildConfiguration section */
		97FB98FD219B4B2E005DE704 /* Debug */ = {
			isa = XCBuildConfiguration;
			buildSettings = {
				ALWAYS_SEARCH_USER_PATHS = NO;
				CLANG_ANALYZER_NONNULL = YES;
				CLANG_ANALYZER_NUMBER_OBJECT_CONVERSION = YES_AGGRESSIVE;
				CLANG_CXX_LANGUAGE_STANDARD = "gnu++14";
				CLANG_CXX_LIBRARY = "libc++";
				CLANG_ENABLE_MODULES = YES;
				CLANG_ENABLE_OBJC_ARC = YES;
				CLANG_ENABLE_OBJC_WEAK = YES;
				CLANG_WARN_BLOCK_CAPTURE_AUTORELEASING = YES;
				CLANG_WARN_BOOL_CONVERSION = YES;
				CLANG_WARN_COMMA = YES;
				CLANG_WARN_CONSTANT_CONVERSION = YES;
				CLANG_WARN_DEPRECATED_OBJC_IMPLEMENTATIONS = YES;
				CLANG_WARN_DIRECT_OBJC_ISA_USAGE = YES_ERROR;
				CLANG_WARN_DOCUMENTATION_COMMENTS = YES;
				CLANG_WARN_EMPTY_BODY = YES;
				CLANG_WARN_ENUM_CONVERSION = YES;
				CLANG_WARN_INFINITE_RECURSION = YES;
				CLANG_WARN_INT_CONVERSION = YES;
				CLANG_WARN_NON_LITERAL_NULL_CONVERSION = YES;
				CLANG_WARN_OBJC_IMPLICIT_RETAIN_SELF = YES;
				CLANG_WARN_OBJC_LITERAL_CONVERSION = YES;
				CLANG_WARN_OBJC_ROOT_CLASS = YES_ERROR;
				CLANG_WARN_RANGE_LOOP_ANALYSIS = YES;
				CLANG_WARN_STRICT_PROTOTYPES = YES;
				CLANG_WARN_SUSPICIOUS_MOVE = YES;
				CLANG_WARN_UNGUARDED_AVAILABILITY = YES_AGGRESSIVE;
				CLANG_WARN_UNREACHABLE_CODE = YES;
				CLANG_WARN__DUPLICATE_METHOD_MATCH = YES;
				CODE_SIGN_IDENTITY = "iPhone Developer";
				COPY_PHASE_STRIP = NO;
				DEBUG_INFORMATION_FORMAT = dwarf;
				ENABLE_STRICT_OBJC_MSGSEND = YES;
				ENABLE_TESTABILITY = YES;
				GCC_C_LANGUAGE_STANDARD = gnu11;
				GCC_DYNAMIC_NO_PIC = NO;
				GCC_NO_COMMON_BLOCKS = YES;
				GCC_OPTIMIZATION_LEVEL = 0;
				GCC_PREPROCESSOR_DEFINITIONS = (
					"DEBUG=1",
					"$(inherited)",
				);
				GCC_WARN_64_TO_32_BIT_CONVERSION = YES;
				GCC_WARN_ABOUT_RETURN_TYPE = YES_ERROR;
				GCC_WARN_UNDECLARED_SELECTOR = YES;
				GCC_WARN_UNINITIALIZED_AUTOS = YES_AGGRESSIVE;
				GCC_WARN_UNUSED_FUNCTION = YES;
				GCC_WARN_UNUSED_VARIABLE = YES;
				IPHONEOS_DEPLOYMENT_TARGET = 12.0;
				MTL_ENABLE_DEBUG_INFO = INCLUDE_SOURCE;
				MTL_FAST_MATH = YES;
				ONLY_ACTIVE_ARCH = YES;
				SDKROOT = iphoneos;
				SWIFT_ACTIVE_COMPILATION_CONDITIONS = DEBUG;
				SWIFT_OPTIMIZATION_LEVEL = "-Onone";
			};
			name = Debug;
		};
		97FB98FE219B4B2E005DE704 /* Release */ = {
			isa = XCBuildConfiguration;
			buildSettings = {
				ALWAYS_SEARCH_USER_PATHS = NO;
				CLANG_ANALYZER_NONNULL = YES;
				CLANG_ANALYZER_NUMBER_OBJECT_CONVERSION = YES_AGGRESSIVE;
				CLANG_CXX_LANGUAGE_STANDARD = "gnu++14";
				CLANG_CXX_LIBRARY = "libc++";
				CLANG_ENABLE_MODULES = YES;
				CLANG_ENABLE_OBJC_ARC = YES;
				CLANG_ENABLE_OBJC_WEAK = YES;
				CLANG_WARN_BLOCK_CAPTURE_AUTORELEASING = YES;
				CLANG_WARN_BOOL_CONVERSION = YES;
				CLANG_WARN_COMMA = YES;
				CLANG_WARN_CONSTANT_CONVERSION = YES;
				CLANG_WARN_DEPRECATED_OBJC_IMPLEMENTATIONS = YES;
				CLANG_WARN_DIRECT_OBJC_ISA_USAGE = YES_ERROR;
				CLANG_WARN_DOCUMENTATION_COMMENTS = YES;
				CLANG_WARN_EMPTY_BODY = YES;
				CLANG_WARN_ENUM_CONVERSION = YES;
				CLANG_WARN_INFINITE_RECURSION = YES;
				CLANG_WARN_INT_CONVERSION = YES;
				CLANG_WARN_NON_LITERAL_NULL_CONVERSION = YES;
				CLANG_WARN_OBJC_IMPLICIT_RETAIN_SELF = YES;
				CLANG_WARN_OBJC_LITERAL_CONVERSION = YES;
				CLANG_WARN_OBJC_ROOT_CLASS = YES_ERROR;
				CLANG_WARN_RANGE_LOOP_ANALYSIS = YES;
				CLANG_WARN_STRICT_PROTOTYPES = YES;
				CLANG_WARN_SUSPICIOUS_MOVE = YES;
				CLANG_WARN_UNGUARDED_AVAILABILITY = YES_AGGRESSIVE;
				CLANG_WARN_UNREACHABLE_CODE = YES;
				CLANG_WARN__DUPLICATE_METHOD_MATCH = YES;
				CODE_SIGN_IDENTITY = "iPhone Developer";
				COPY_PHASE_STRIP = NO;
				DEBUG_INFORMATION_FORMAT = "dwarf-with-dsym";
				ENABLE_NS_ASSERTIONS = NO;
				ENABLE_STRICT_OBJC_MSGSEND = YES;
				GCC_C_LANGUAGE_STANDARD = gnu11;
				GCC_NO_COMMON_BLOCKS = YES;
				GCC_WARN_64_TO_32_BIT_CONVERSION = YES;
				GCC_WARN_ABOUT_RETURN_TYPE = YES_ERROR;
				GCC_WARN_UNDECLARED_SELECTOR = YES;
				GCC_WARN_UNINITIALIZED_AUTOS = YES_AGGRESSIVE;
				GCC_WARN_UNUSED_FUNCTION = YES;
				GCC_WARN_UNUSED_VARIABLE = YES;
				IPHONEOS_DEPLOYMENT_TARGET = 12.0;
				MTL_ENABLE_DEBUG_INFO = NO;
				MTL_FAST_MATH = YES;
				SDKROOT = iphoneos;
				SWIFT_COMPILATION_MODE = wholemodule;
				SWIFT_OPTIMIZATION_LEVEL = "-O";
				VALIDATE_PRODUCT = YES;
			};
			name = Release;
		};
		97FB9900219B4B2E005DE704 /* Debug */ = {
			isa = XCBuildConfiguration;
			buildSettings = {
				ASSETCATALOG_COMPILER_APPICON_NAME = AppIcon;
				CODE_SIGN_STYLE = Automatic;
				INFOPLIST_FILE = MyToDoLstnew/Info.plist;
				LD_RUNPATH_SEARCH_PATHS = (
					"$(inherited)",
					"@executable_path/Frameworks",
				);
				PRODUCT_BUNDLE_IDENTIFIER = com.mina.MyToDoLstnew;
				PRODUCT_NAME = "$(TARGET_NAME)";
				SWIFT_VERSION = 4.2;
				TARGETED_DEVICE_FAMILY = "1,2";
			};
			name = Debug;
		};
		97FB9901219B4B2E005DE704 /* Release */ = {
			isa = XCBuildConfiguration;
			buildSettings = {
				ASSETCATALOG_COMPILER_APPICON_NAME = AppIcon;
				CODE_SIGN_STYLE = Automatic;
				INFOPLIST_FILE = MyToDoLstnew/Info.plist;
				LD_RUNPATH_SEARCH_PATHS = (
					"$(inherited)",
					"@executable_path/Frameworks",
				);
				PRODUCT_BUNDLE_IDENTIFIER = com.mina.MyToDoLstnew;
				PRODUCT_NAME = "$(TARGET_NAME)";
				SWIFT_VERSION = 4.2;
				TARGETED_DEVICE_FAMILY = "1,2";
			};
			name = Release;
		};
		97FB9903219B4B2E005DE704 /* Debug */ = {
			isa = XCBuildConfiguration;
			buildSettings = {
				ALWAYS_EMBED_SWIFT_STANDARD_LIBRARIES = YES;
				BUNDLE_LOADER = "$(TEST_HOST)";
				CODE_SIGN_STYLE = Automatic;
				INFOPLIST_FILE = MyToDoLstnewTests/Info.plist;
				LD_RUNPATH_SEARCH_PATHS = (
					"$(inherited)",
					"@executable_path/Frameworks",
					"@loader_path/Frameworks",
				);
				PRODUCT_BUNDLE_IDENTIFIER = com.mina.MyToDoLstnewTests;
				PRODUCT_NAME = "$(TARGET_NAME)";
				SWIFT_VERSION = 4.2;
				TARGETED_DEVICE_FAMILY = "1,2";
				TEST_HOST = "$(BUILT_PRODUCTS_DIR)/MyToDoLstnew.app/MyToDoLstnew";
			};
			name = Debug;
		};
		97FB9904219B4B2E005DE704 /* Release */ = {
			isa = XCBuildConfiguration;
			buildSettings = {
				ALWAYS_EMBED_SWIFT_STANDARD_LIBRARIES = YES;
				BUNDLE_LOADER = "$(TEST_HOST)";
				CODE_SIGN_STYLE = Automatic;
				INFOPLIST_FILE = MyToDoLstnewTests/Info.plist;
				LD_RUNPATH_SEARCH_PATHS = (
					"$(inherited)",
					"@executable_path/Frameworks",
					"@loader_path/Frameworks",
				);
				PRODUCT_BUNDLE_IDENTIFIER = com.mina.MyToDoLstnewTests;
				PRODUCT_NAME = "$(TARGET_NAME)";
				SWIFT_VERSION = 4.2;
				TARGETED_DEVICE_FAMILY = "1,2";
				TEST_HOST = "$(BUILT_PRODUCTS_DIR)/MyToDoLstnew.app/MyToDoLstnew";
			};
			name = Release;
		};
		97FB9906219B4B2E005DE704 /* Debug */ = {
			isa = XCBuildConfiguration;
			buildSettings = {
				ALWAYS_EMBED_SWIFT_STANDARD_LIBRARIES = YES;
				CODE_SIGN_STYLE = Automatic;
				INFOPLIST_FILE = MyToDoLstnewUITests/Info.plist;
				LD_RUNPATH_SEARCH_PATHS = (
					"$(inherited)",
					"@executable_path/Frameworks",
					"@loader_path/Frameworks",
				);
				PRODUCT_BUNDLE_IDENTIFIER = com.mina.MyToDoLstnewUITests;
				PRODUCT_NAME = "$(TARGET_NAME)";
				SWIFT_VERSION = 4.2;
				TARGETED_DEVICE_FAMILY = "1,2";
				TEST_TARGET_NAME = MyToDoLstnew;
			};
			name = Debug;
		};
		97FB9907219B4B2E005DE704 /* Release */ = {
			isa = XCBuildConfiguration;
			buildSettings = {
				ALWAYS_EMBED_SWIFT_STANDARD_LIBRARIES = YES;
				CODE_SIGN_STYLE = Automatic;
				INFOPLIST_FILE = MyToDoLstnewUITests/Info.plist;
				LD_RUNPATH_SEARCH_PATHS = (
					"$(inherited)",
					"@executable_path/Frameworks",
					"@loader_path/Frameworks",
				);
				PRODUCT_BUNDLE_IDENTIFIER = com.mina.MyToDoLstnewUITests;
				PRODUCT_NAME = "$(TARGET_NAME)";
				SWIFT_VERSION = 4.2;
				TARGETED_DEVICE_FAMILY = "1,2";
				TEST_TARGET_NAME = MyToDoLstnew;
			};
			name = Release;
		};
/* End XCBuildConfiguration section */

/* Begin XCConfigurationList section */
		97FB98D0219B4B2D005DE704 /* Build configuration list for PBXProject "MyToDoLstnew" */ = {
			isa = XCConfigurationList;
			buildConfigurations = (
				97FB98FD219B4B2E005DE704 /* Debug */,
				97FB98FE219B4B2E005DE704 /* Release */,
			);
			defaultConfigurationIsVisible = 0;
			defaultConfigurationName = Release;
		};
		97FB98FF219B4B2E005DE704 /* Build configuration list for PBXNativeTarget "MyToDoLstnew" */ = {
			isa = XCConfigurationList;
			buildConfigurations = (
				97FB9900219B4B2E005DE704 /* Debug */,
				97FB9901219B4B2E005DE704 /* Release */,
			);
			defaultConfigurationIsVisible = 0;
			defaultConfigurationName = Release;
		};
		97FB9902219B4B2E005DE704 /* Build configuration list for PBXNativeTarget "MyToDoLstnewTests" */ = {
			isa = XCConfigurationList;
			buildConfigurations = (
				97FB9903219B4B2E005DE704 /* Debug */,
				97FB9904219B4B2E005DE704 /* Release */,
			);
			defaultConfigurationIsVisible = 0;
			defaultConfigurationName = Release;
		};
		97FB9905219B4B2E005DE704 /* Build configuration list for PBXNativeTarget "MyToDoLstnewUITests" */ = {
			isa = XCConfigurationList;
			buildConfigurations = (
				97FB9906219B4B2E005DE704 /* Debug */,
				97FB9907219B4B2E005DE704 /* Release */,
			);
			defaultConfigurationIsVisible = 0;
			defaultConfigurationName = Release;
		};
/* End XCConfigurationList section */
	};
	rootObject = 97FB98CD219B4B2D005DE704 /* Project object */;
}
